# This file is automatically @generated by Cargo.
# It is not intended for manual editing.
[[package]]
name = "ansi_term"
version = "0.11.0"
source = "registry+https://github.com/rust-lang/crates.io-index"
checksum = "ee49baf6cb617b853aa8d93bf420db2383fab46d314482ca2803b40d5fde979b"
dependencies = [
 "winapi",
]

[[package]]
name = "api"
version = "0.1.0"
dependencies = [
 "clap",
 "linux-loader",
 "vmm",
]

[[package]]
name = "arch"
version = "0.1.0"
dependencies = [
 "vm-fdt",
 "vm-memory",
]

[[package]]
name = "atty"
version = "0.2.14"
source = "registry+https://github.com/rust-lang/crates.io-index"
checksum = "d9b39be18770d11421cdb1b9947a45dd3f37e93092cbf377614828a319d5fee8"
dependencies = [
 "hermit-abi",
 "libc",
 "winapi",
]

[[package]]
name = "bitflags"
version = "1.2.1"
source = "registry+https://github.com/rust-lang/crates.io-index"
checksum = "cf1de2fe8c75bc145a2f577add951f8134889b4795d47466a54a5c846d691693"

[[package]]
name = "cfg-if"
version = "0.1.10"
source = "registry+https://github.com/rust-lang/crates.io-index"
checksum = "4785bdd1c96b2a846b2bd7cc02e86b6b3dbf14e7e53446c4f54c92a361040822"

[[package]]
name = "clap"
version = "2.33.3"
source = "registry+https://github.com/rust-lang/crates.io-index"
checksum = "37e58ac78573c40708d45522f0d80fa2f01cc4f9b4e2bf749807255454312002"
dependencies = [
 "ansi_term",
 "atty",
 "bitflags",
 "strsim",
 "textwrap",
 "unicode-width",
 "vec_map",
]

[[package]]
name = "devices"
version = "0.1.0"
dependencies = [
 "event-manager",
 "kvm-ioctls",
 "libc",
 "linux-loader",
 "log",
 "utils",
 "virtio-blk",
 "virtio-device",
 "virtio-queue",
 "vm-device",
 "vm-memory",
 "vm-superio",
 "vmm-sys-util",
]

[[package]]
name = "event-manager"
version = "0.2.1"
source = "registry+https://github.com/rust-lang/crates.io-index"
checksum = "377fa591135fbe23396a18e2655a6d5481bf7c5823cdfa3cc81b01a229cbe640"
dependencies = [
 "libc",
 "vmm-sys-util",
]

[[package]]
name = "hermit-abi"
version = "0.1.17"
source = "registry+https://github.com/rust-lang/crates.io-index"
checksum = "5aca5565f760fb5b220e499d72710ed156fdb74e631659e99377d9ebfbd13ae8"
dependencies = [
 "libc",
]

[[package]]
name = "kvm-bindings"
version = "0.5.0"
source = "registry+https://github.com/rust-lang/crates.io-index"
checksum = "a78c049190826fff959994b7c1d8a2930d0a348f1b8f3aa4f9bb34cd5d7f2952"
dependencies = [
 "vmm-sys-util",
]

[[package]]
name = "kvm-ioctls"
version = "0.11.0"
source = "registry+https://github.com/rust-lang/crates.io-index"
checksum = "97422ba48d7ffb66fd4d18130f72ab66f9bbbf791fb7a87b9291cdcfec437593"
dependencies = [
 "kvm-bindings",
 "libc",
 "vmm-sys-util",
]

[[package]]
name = "libc"
version = "0.2.91"
source = "registry+https://github.com/rust-lang/crates.io-index"
checksum = "8916b1f6ca17130ec6568feccee27c156ad12037880833a3b842a823236502e7"

[[package]]
name = "linux-loader"
version = "0.4.0"
source = "git+https://github.com/rust-vmm/linux-loader.git?rev=9a9f071#9a9f071219a8c74dcd703aec40ba0249e3a5993b"
dependencies = [
 "vm-memory",
]

[[package]]
name = "log"
version = "0.4.6"
source = "registry+https://github.com/rust-lang/crates.io-index"
checksum = "c84ec4b527950aa83a329754b01dbe3f58361d1c5efacd1f6d68c494d08a17c6"
dependencies = [
 "cfg-if",
]

[[package]]
name = "strsim"
version = "0.8.0"
source = "registry+https://github.com/rust-lang/crates.io-index"
checksum = "8ea5119cdb4c55b55d432abb513a0429384878c15dde60cc77b1c99de1a95a6a"

[[package]]
name = "textwrap"
version = "0.11.0"
source = "registry+https://github.com/rust-lang/crates.io-index"
checksum = "d326610f408c7a4eb6f51c37c330e496b08506c9457c9d34287ecc38809fb060"
dependencies = [
 "unicode-width",
]

[[package]]
name = "unicode-width"
version = "0.1.8"
source = "registry+https://github.com/rust-lang/crates.io-index"
checksum = "9337591893a19b88d8d87f2cec1e73fad5cdfd10e5a6f349f498ad6ea2ffb1e3"

[[package]]
name = "utils"
version = "0.1.0"

[[package]]
name = "vec_map"
version = "0.8.2"
source = "registry+https://github.com/rust-lang/crates.io-index"
checksum = "f1bddf1187be692e79c5ffeab891132dfb0f236ed36a43c7ed39f1165ee20191"

[[package]]
name = "virtio-blk"
version = "0.1.0"
source = "git+https://github.com/rust-vmm/vm-virtio.git#333eb78471a7707df7d277b9116073337df19503"
dependencies = [
 "log",
 "virtio-device",
 "virtio-queue",
 "vm-memory",
 "vmm-sys-util",
]

[[package]]
name = "virtio-device"
version = "0.1.0"
source = "git+https://github.com/rust-vmm/vm-virtio.git#333eb78471a7707df7d277b9116073337df19503"
dependencies = [
 "log",
 "virtio-queue",
 "vm-memory",
]

[[package]]
name = "virtio-queue"
version = "0.1.0"
source = "git+https://github.com/rust-vmm/vm-virtio.git#333eb78471a7707df7d277b9116073337df19503"
dependencies = [
 "log",
 "vm-memory",
 "vmm-sys-util",
]

[[package]]
name = "vm-device"
version = "0.1.0"
source = "git+https://github.com/rust-vmm/vm-device?rev=5847f12#5847f1286492b7191f1400e6647fb220f8941f89"

[[package]]
name = "vm-fdt"
version = "0.2.0"
source = "registry+https://github.com/rust-lang/crates.io-index"
checksum = "f43fb5a6bd1a7d423ad72802801036719b7546cf847a103f8fe4575f5b0d45a6"

[[package]]
name = "vm-memory"
version = "0.6.0"
source = "registry+https://github.com/rust-lang/crates.io-index"
checksum = "0a8ebcb86ca457f9d6e14cf97009f679952eba42f0113de5db596e514cd0e43b"
dependencies = [
 "libc",
 "winapi",
]

[[package]]
name = "vm-superio"
version = "0.4.0"
source = "registry+https://github.com/rust-lang/crates.io-index"
checksum = "3be26a7083513b8302a0053a93f03592ec8875803ff312e0bd3a373e1bee4cfd"

[[package]]
name = "vm-vcpu"
version = "0.1.0"
dependencies = [
 "arch",
 "kvm-bindings",
 "kvm-ioctls",
 "libc",
 "utils",
 "vm-device",
 "vm-memory",
 "vm-vcpu-ref",
 "vmm-sys-util",
]

[[package]]
name = "vm-vcpu-ref"
version = "0.1.0"
dependencies = [
 "kvm-bindings",
 "kvm-ioctls",
 "libc",
 "vm-memory",
 "vmm-sys-util",
]

[[package]]
name = "vmm"
version = "0.1.0"
dependencies = [
 "arch",
 "devices",
 "event-manager",
 "kvm-bindings",
 "kvm-ioctls",
 "libc",
 "linux-loader",
 "utils",
 "vm-device",
 "vm-memory",
 "vm-superio",
 "vm-vcpu",
 "vm-vcpu-ref",
 "vmm-sys-util",
]

[[package]]
name = "vmm-reference"
version = "0.1.0"
dependencies = [
 "api",
 "vmm",
]

[[package]]
name = "vmm-sys-util"
version = "0.8.0"
source = "registry+https://github.com/rust-lang/crates.io-index"
checksum = "01cf11afbc4ebc0d5c7a7748a77d19e2042677fc15faa2f4ccccb27c18a60605"
dependencies = [
 "bitflags",
 "libc",
]

[[package]]
name = "winapi"
version = "0.3.9"
source = "registry+https://github.com/rust-lang/crates.io-index"
checksum = "5c839a674fcd7a98952e593242ea400abe93992746761e38641405d28b00f419"
dependencies = [
 "winapi-i686-pc-windows-gnu",
 "winapi-x86_64-pc-windows-gnu",
]

[[package]]
name = "winapi-i686-pc-windows-gnu"
version = "0.4.0"
source = "registry+https://github.com/rust-lang/crates.io-index"
checksum = "ac3b87c63620426dd9b991e5ce0329eff545bccbbb34f3be09ff6fb6ab51b7b6"

[[package]]
name = "winapi-x86_64-pc-windows-gnu"
version = "0.4.0"
source = "registry+https://github.com/rust-lang/crates.io-index"
checksum = "712e227841d057c1ee1cd2fb22fa7e5a5461ae8e48fa2ca79ec42cfc1931183f"
