# This file is automatically @generated by Cargo.
# It is not intended for manual editing.
[[package]]
name = "bitflags"
version = "1.2.1"
source = "registry+https://github.com/rust-lang/crates.io-index"
checksum = "cf1de2fe8c75bc145a2f577add951f8134889b4795d47466a54a5c846d691693"

[[package]]
name = "event-manager"
version = "0.1.0"
source = "registry+https://github.com/rust-lang/crates.io-index"
checksum = "ab51191fac8e0027ceaf43fa0154393856f768f8c159453c876544e224685dbb"
dependencies = [
 "libc",
 "vmm-sys-util",
]

[[package]]
name = "kvm-bindings"
version = "0.3.0"
source = "registry+https://github.com/rust-lang/crates.io-index"
checksum = "8f1c07667561c3d12d77342baf28ca5d0f8c3ea2160778485640ec84a4571da2"
dependencies = [
 "vmm-sys-util",
]

[[package]]
name = "kvm-ioctls"
version = "0.5.0"
source = "registry+https://github.com/rust-lang/crates.io-index"
checksum = "d99720f5df3814a7188f095ad6774775b7635dfdd62b7c091ce7e00a51c3c109"
dependencies = [
 "kvm-bindings",
 "libc",
 "vmm-sys-util",
]

[[package]]
name = "libc"
version = "0.2.76"
source = "registry+https://github.com/rust-lang/crates.io-index"
checksum = "755456fae044e6fa1ebbbd1b3e902ae19e73097ed4ed87bb79934a867c007bc3"

[[package]]
name = "linux-loader"
version = "0.2.0"
source = "registry+https://github.com/rust-lang/crates.io-index"
checksum = "eae752ac96ab8f65323eb7e699850237f374161981452af4a53ba093fe1894ed"
dependencies = [
 "vm-memory",
]

[[package]]
name = "vm-memory"
version = "0.2.2"
source = "registry+https://github.com/rust-lang/crates.io-index"
checksum = "aae367b8bd176f4936b5d35c4403606d4a8458a8151dff47c974f1d9d1a4c974"
dependencies = [
 "libc",
 "winapi",
]

[[package]]
name = "vm-superio"
version = "0.1.0"
source = "git+https://github.com/rust-vmm/vm-superio#9d04e75c038259ff96bf8b95a894ddf1af838330"
dependencies = [
 "vmm-sys-util",
]

[[package]]
name = "vmm"
version = "0.1.0"
dependencies = [
 "event-manager",
 "kvm-bindings",
 "kvm-ioctls",
 "libc",
 "linux-loader",
 "vm-memory",
 "vm-superio",
 "vmm-sys-util",
]

[[package]]
name = "vmm-sys-util"
version = "0.6.1"
source = "registry+https://github.com/rust-lang/crates.io-index"
checksum = "183d25b56a61a6f518ef464ac578e790f04added34dfaab59a453d8a03cb7bd0"
dependencies = [
 "bitflags",
 "libc",
]

[[package]]
name = "winapi"
version = "0.3.9"
source = "registry+https://github.com/rust-lang/crates.io-index"
checksum = "5c839a674fcd7a98952e593242ea400abe93992746761e38641405d28b00f419"
dependencies = [
 "winapi-i686-pc-windows-gnu",
 "winapi-x86_64-pc-windows-gnu",
]

[[package]]
name = "winapi-i686-pc-windows-gnu"
version = "0.4.0"
source = "registry+https://github.com/rust-lang/crates.io-index"
checksum = "ac3b87c63620426dd9b991e5ce0329eff545bccbbb34f3be09ff6fb6ab51b7b6"

[[package]]
name = "winapi-x86_64-pc-windows-gnu"
version = "0.4.0"
source = "registry+https://github.com/rust-lang/crates.io-index"
checksum = "712e227841d057c1ee1cd2fb22fa7e5a5461ae8e48fa2ca79ec42cfc1931183f"
